lockVersion: 2.0.0
id: 2a6c8ff2-6c9d-4fc5-a507-95a5d089b5af
management:
  docChecksum: aea5a73b9583c0fdf1ec010fc21d74d1
  docVersion: 1.0.0
  speakeasyVersion: 1.508.1
  generationVersion: 2.536.0
  releaseVersion: 0.1.1
  configChecksum: 336d4ec12e3afaf27d1a1e049caa0f8c
  repoURL: https://github.com/log10-io/log10py.git
  installationURL: https://github.com/log10-io/log10py.git
  published: true
features:
  python:
    additionalDependencies: 0.1.0
    constsAndDefaults: 0.1.4
    core: 4.8.23
    deprecations: 2.81.1
    examples: 2.81.4
    flattening: 2.81.1
    getRequestBodies: 2.81.1
    globalSecurity: 2.83.8
    globalSecurityCallbacks: 0.1.0
    globalSecurityFlattening: 0.1.0
    globalServerURLs: 2.82.2
    globals: 2.82.1
    nameOverrides: 2.81.2
    nullables: 0.1.0
    responseFormat: 0.1.0
    sdkHooks: 0.1.0
    typeOverrides: 2.81.1
    unions: 2.82.10
generatedFiles:
  - .gitattributes
  - USAGE.md
  - docs/models/components/chatcompletionfunctioncalloption.md
  - docs/models/components/chatcompletionfunctions.md
  - docs/models/components/chatcompletionmessagetoolcall.md
  - docs/models/components/chatcompletionmessagetoolcallfunction.md
  - docs/models/components/chatcompletionmessagetoolcalltype.md
  - docs/models/components/chatcompletionnamedtoolchoice.md
  - docs/models/components/chatcompletionnamedtoolchoicetype.md
  - docs/models/components/chatcompletionrequestassistantmessage.md
  - docs/models/components/chatcompletionrequestfunctionmessage.md
  - docs/models/components/chatcompletionrequestmessage.md
  - docs/models/components/chatcompletionrequestmessagecontentpart.md
  - docs/models/components/chatcompletionrequestmessagecontentpartimage.md
  - docs/models/components/chatcompletionrequestmessagecontentpartimagetype.md
  - docs/models/components/chatcompletionrequestmessagecontentparttext.md
  - docs/models/components/chatcompletionrequestsystemmessage.md
  - docs/models/components/chatcompletionrequesttoolmessage.md
  - docs/models/components/chatcompletionrequestusermessage.md
  - docs/models/components/chatcompletionresponsemessage.md
  - docs/models/components/chatcompletionresponsemessagefunctioncall.md
  - docs/models/components/chatcompletionrole.md
  - docs/models/components/chatcompletionstreamoptions.md
  - docs/models/components/chatcompletiontokenlogprob.md
  - docs/models/components/chatcompletiontool.md
  - docs/models/components/chatcompletiontoolchoiceoption.md
  - docs/models/components/chatcompletiontoolchoiceoption1.md
  - docs/models/components/chatcompletiontooltype.md
  - docs/models/components/choices.md
  - docs/models/components/completion.md
  - docs/models/components/completiontagsselector.md
  - docs/models/components/completionusage.md
  - docs/models/components/content.md
  - docs/models/components/createchatcompletionrequest.md
  - docs/models/components/createchatcompletionrequestfunctioncall.md
  - docs/models/components/createchatcompletionrequesttype.md
  - docs/models/components/createchatcompletionresponse.md
  - docs/models/components/detail.md
  - docs/models/components/feedback.md
  - docs/models/components/finishreason.md
  - docs/models/components/function.md
  - docs/models/components/functioncall.md
  - docs/models/components/functionobject.md
  - docs/models/components/httpmetadata.md
  - docs/models/components/imageurl.md
  - docs/models/components/jsonschema.md
  - docs/models/components/jsonvalues.md
  - docs/models/components/kind.md
  - docs/models/components/logprobs.md
  - docs/models/components/object.md
  - docs/models/components/one.md
  - docs/models/components/responseformat.md
  - docs/models/components/security.md
  - docs/models/components/session.md
  - docs/models/components/stacktrace.md
  - docs/models/components/status.md
  - docs/models/components/stop.md
  - docs/models/components/task.md
  - docs/models/components/toplogprobs.md
  - docs/models/components/type.md
  - docs/models/internal/globals.md
  - docs/models/operations/createfeedbacktaskresponse.md
  - docs/models/operations/createglobals.md
  - docs/models/operations/createrequest.md
  - docs/models/operations/createresponse.md
  - docs/models/operations/createsessionglobals.md
  - docs/models/operations/createsessionrequest.md
  - docs/models/operations/createsessionresponse.md
  - docs/models/operations/createsessionresponsebody.md
  - docs/models/operations/getfeedbacktaskrequest.md
  - docs/models/operations/getfeedbacktaskresponse.md
  - docs/models/operations/getglobals.md
  - docs/models/operations/getrequest.md
  - docs/models/operations/getresponse.md
  - docs/models/operations/jsonvalues.md
  - docs/models/operations/listfeedbacktasksresponse.md
  - docs/models/operations/listglobals.md
  - docs/models/operations/listrequest.md
  - docs/models/operations/listrequestbody.md
  - docs/models/operations/listresponse.md
  - docs/models/operations/listresponsebody.md
  - docs/models/operations/listungradedglobals.md
  - docs/models/operations/listungradedrequest.md
  - docs/models/operations/listungradedresponse.md
  - docs/models/operations/listungradedresponsebody.md
  - docs/models/operations/one.md
  - docs/models/operations/requestbodyjsonvalues.md
  - docs/models/operations/two.md
  - docs/models/operations/updateglobals.md
  - docs/models/operations/updaterequest.md
  - docs/models/operations/updateresponse.md
  - docs/models/operations/uploadglobals.md
  - docs/models/operations/uploadrequest.md
  - docs/models/operations/uploadrequestbody.md
  - docs/models/operations/uploadresponse.md
  - docs/sdks/completions/README.md
  - docs/sdks/feedback/README.md
  - docs/sdks/feedbacktasks/README.md
  - docs/sdks/log10/README.md
  - docs/sdks/sessions/README.md
  - py.typed
  - pylintrc
  - scripts/publish.sh
  - setup.py
  - src/log10/__init__.py
  - src/log10/_hooks/__init__.py
  - src/log10/_hooks/sdkhooks.py
  - src/log10/_hooks/types.py
  - src/log10/completions.py
  - src/log10/feedback.py
  - src/log10/feedbacktasks.py
  - src/log10/models/__init__.py
  - src/log10/models/components/__init__.py
  - src/log10/models/components/chatcompletionfunctioncalloption.py
  - src/log10/models/components/chatcompletionfunctions.py
  - src/log10/models/components/chatcompletionmessagetoolcall.py
  - src/log10/models/components/chatcompletionnamedtoolchoice.py
  - src/log10/models/components/chatcompletionrequestassistantmessage.py
  - src/log10/models/components/chatcompletionrequestfunctionmessage.py
  - src/log10/models/components/chatcompletionrequestmessage.py
  - src/log10/models/components/chatcompletionrequestmessagecontentpart.py
  - src/log10/models/components/chatcompletionrequestmessagecontentpartimage.py
  - src/log10/models/components/chatcompletionrequestmessagecontentparttext.py
  - src/log10/models/components/chatcompletionrequestsystemmessage.py
  - src/log10/models/components/chatcompletionrequesttoolmessage.py
  - src/log10/models/components/chatcompletionrequestusermessage.py
  - src/log10/models/components/chatcompletionresponsemessage.py
  - src/log10/models/components/chatcompletionrole.py
  - src/log10/models/components/chatcompletionstreamoptions.py
  - src/log10/models/components/chatcompletiontokenlogprob.py
  - src/log10/models/components/chatcompletiontool.py
  - src/log10/models/components/chatcompletiontoolchoiceoption.py
  - src/log10/models/components/completion.py
  - src/log10/models/components/completionusage.py
  - src/log10/models/components/createchatcompletionrequest.py
  - src/log10/models/components/createchatcompletionresponse.py
  - src/log10/models/components/feedback.py
  - src/log10/models/components/functionobject.py
  - src/log10/models/components/httpmetadata.py
  - src/log10/models/components/security.py
  - src/log10/models/components/session.py
  - src/log10/models/components/task.py
  - src/log10/models/errors/__init__.py
  - src/log10/models/errors/sdkerror.py
  - src/log10/models/internal/__init__.py
  - src/log10/models/internal/globals.py
  - src/log10/models/operations/__init__.py
  - src/log10/models/operations/create.py
  - src/log10/models/operations/createfeedbacktask.py
  - src/log10/models/operations/createsession.py
  - src/log10/models/operations/get.py
  - src/log10/models/operations/getfeedbacktask.py
  - src/log10/models/operations/list.py
  - src/log10/models/operations/listfeedbacktasks.py
  - src/log10/models/operations/listungraded.py
  - src/log10/models/operations/update.py
  - src/log10/models/operations/upload.py
  - src/log10/sdk.py
  - src/log10/sdkconfiguration.py
  - src/log10/sessions.py
  - src/log10/utils/__init__.py
  - src/log10/utils/retries.py
  - src/log10/utils/utils.py
examples:
  create:
    speakeasy-default-create:
      parameters:
        header:
          X-Log10-Organization: "<value>"
      requestBody:
        application/json: {"organization_id": "<id>", "request": {"messages": [{"role": "assistant", "content": "<value>", "tool_call_id": "<id>"}], "model": "gpt-4-turbo", "frequency_penalty": 0, "logprobs": false, "n": 1, "presence_penalty": 0, "response_format": {"type": "json_object"}, "stream": false, "temperature": 1, "top_p": 1, "user": "user-1234"}, "response": {"id": "<id>", "choices": [], "created": 69025, "model": "gpt-4-turbo", "object": "chat.completion"}}
      responses:
        "200":
          application/json: "<value>"
        "201":
          application/json: {"organization_id": "<id>", "request": {"messages": [{"role": "system", "content": "<value>", "name": "<value>"}, {"content": "<value>", "role": "system"}, {"role": "function", "content": "<value>", "tool_call_id": "<id>"}], "model": "gpt-4-turbo", "frequency_penalty": 0, "logprobs": false, "n": 1, "presence_penalty": 0, "response_format": {"type": "json_object"}, "stream": false, "temperature": 1, "top_p": 1, "user": "user-1234"}, "response": {"id": "<id>", "choices": [{"finish_reason": "content_filter", "index": 957409, "message": {"content": "<value>", "role": "user"}, "logprobs": {"content": [{"token": "<value>", "logprob": 177.59, "bytes": [], "top_logprobs": []}]}}, {"finish_reason": "stop", "index": 322997, "message": {"content": "<value>", "role": "system"}, "logprobs": {"content": []}}], "created": 100966, "model": "gpt-4-turbo", "object": "chat.completion"}}
  update:
    speakeasy-default-update:
      parameters:
        path:
          completionId: "<id>"
        header:
          X-Log10-Organization: "<value>"
      requestBody:
        application/json: {"organization_id": "<id>", "request": {"messages": [{"role": "user"}, {"role": "tool", "content": "<value>", "name": "<value>"}, {"role": "function"}], "model": "gpt-4-turbo", "frequency_penalty": 0, "logprobs": false, "n": 1, "presence_penalty": 0, "response_format": {"type": "json_object"}, "stream": false, "temperature": 1, "top_p": 1, "user": "user-1234"}, "response": {"id": "<id>", "choices": [], "created": 896501, "model": "gpt-4-turbo", "object": "chat.completion"}}
      responses:
        "200":
          application/json: {"organization_id": "<id>", "request": {"messages": [{"content": "<value>", "role": "system"}], "model": "gpt-4-turbo", "frequency_penalty": 0, "logprobs": false, "n": 1, "presence_penalty": 0, "response_format": {"type": "json_object"}, "stream": false, "temperature": 1, "top_p": 1, "user": "user-1234"}, "response": {"id": "<id>", "choices": [{"finish_reason": "function_call", "index": 302461, "message": {"content": "<value>", "role": "assistant"}, "logprobs": {"content": [{"token": "<value>", "logprob": 6935.08, "bytes": [33980], "top_logprobs": [{"token": "<value>", "logprob": 8108.77, "bytes": [501135]}, {"token": "<value>", "logprob": 1111.58, "bytes": []}, {"token": "<value>", "logprob": 3529.33, "bytes": [834574, 888006, 711565]}]}, {"token": "<value>", "logprob": 5198.81, "bytes": [549807], "top_logprobs": [{"token": "<value>", "logprob": 5143.61, "bytes": [72219, 151827, 342070]}, {"token": "<value>", "logprob": 6567.76, "bytes": []}]}, {"token": "<value>", "logprob": 6090.5, "bytes": [], "top_logprobs": [{"token": "<value>", "logprob": 1024.73, "bytes": [337902, 348627, 404031]}]}]}}, {"finish_reason": "stop", "index": 639383, "message": {"content": "<value>", "role": "function"}, "logprobs": {"content": [{"token": "<value>", "logprob": 3926.71, "bytes": [434386], "top_logprobs": [{"token": "<value>", "logprob": 6528.5, "bytes": [695280, 203492, 671359]}, {"token": "<value>", "logprob": 2434.47, "bytes": [198183]}, {"token": "<value>", "logprob": 3386.73, "bytes": [175843, 276135]}]}]}}, {"finish_reason": "length", "index": 59050, "message": {"content": "<value>", "role": "assistant"}, "logprobs": {"content": []}}], "created": 489422, "model": "gpt-4-turbo", "object": "chat.completion"}}
  listUngraded:
    speakeasy-default-list-ungraded:
      parameters:
        header:
          X-Log10-Organization: "<value>"
      responses:
        "200":
          application/json: {"completions": [{"organization_id": "<id>", "request": {"messages": [], "model": "gpt-4-turbo", "frequency_penalty": 0, "logprobs": false, "n": 1, "presence_penalty": 0, "response_format": {"type": "json_object"}, "stream": false, "temperature": 1, "top_p": 1, "user": "user-1234"}, "response": {"id": "<id>", "choices": [{"finish_reason": "tool_calls", "index": 414130, "message": {"content": "<value>", "role": "tool"}, "logprobs": {"content": []}}, {"finish_reason": "tool_calls", "index": 635341, "message": {"content": "<value>", "role": "tool"}, "logprobs": {"content": [{"token": "<value>", "logprob": 2964.99, "bytes": [138411], "top_logprobs": [{"token": "<value>", "logprob": 4865.58, "bytes": [988723, 95874]}, {"token": "<value>", "logprob": 5102.57, "bytes": [112199, 666665]}, {"token": "<value>", "logprob": 9812.56, "bytes": [709934, 676797]}]}, {"token": "<value>", "logprob": 2520.38, "bytes": [438080, 913004], "top_logprobs": [{"token": "<value>", "logprob": 763.46, "bytes": [913224]}, {"token": "<value>", "logprob": 937.38, "bytes": [312010, 343794]}, {"token": "<value>", "logprob": 7965.19, "bytes": [471049, 580760, 251432]}]}]}}, {"finish_reason": "tool_calls", "index": 737486, "message": {"content": "<value>", "role": "user"}, "logprobs": {"content": [{"token": "<value>", "logprob": 801.03, "bytes": [817007], "top_logprobs": []}, {"token": "<value>", "logprob": 6163.77, "bytes": [47307, 434172], "top_logprobs": [{"token": "<value>", "logprob": 1333.16, "bytes": [409334, 973516, 100989]}, {"token": "<value>", "logprob": 7480.5, "bytes": []}]}]}}], "created": 195731, "model": "gpt-4-turbo", "object": "chat.completion"}}, {"organization_id": "<id>", "request": {"messages": [{"content": [{"type": "text", "text": "<value>"}, {"type": "text", "text": "<value>"}, {"type": "text", "text": "<value>"}], "role": "tool"}, {"role": "function"}], "model": "gpt-4-turbo", "frequency_penalty": 0, "logprobs": false, "n": 1, "presence_penalty": 0, "response_format": {"type": "json_object"}, "stream": false, "temperature": 1, "top_p": 1, "user": "user-1234"}, "response": {"id": "<id>", "choices": [], "created": 141629, "model": "gpt-4-turbo", "object": "chat.completion"}}, {"organization_id": "<id>", "request": {"messages": [{"content": [], "role": "tool"}], "model": "gpt-4-turbo", "frequency_penalty": 0, "logprobs": false, "n": 1, "presence_penalty": 0, "response_format": {"type": "json_object"}, "stream": false, "temperature": 1, "top_p": 1, "user": "user-1234"}, "response": {"id": "<id>", "choices": [{"finish_reason": "content_filter", "index": 268742, "message": {"content": "<value>", "role": "function"}, "logprobs": {"content": [{"token": "<value>", "logprob": 5912.12, "bytes": [928293, 188815, 563280], "top_logprobs": [{"token": "<value>", "logprob": 5356.97, "bytes": [131526, 917720, 643542]}]}, {"token": "<value>", "logprob": 8910.1, "bytes": [], "top_logprobs": [{"token": "<value>", "logprob": 3056.3, "bytes": [536192, 261049, 324962]}]}]}}, {"finish_reason": "content_filter", "index": 523859, "message": {"content": "<value>", "role": "user"}, "logprobs": {"content": [{"token": "<value>", "logprob": 9209.65, "bytes": [832542], "top_logprobs": [{"token": "<value>", "logprob": 9897.28, "bytes": []}, {"token": "<value>", "logprob": 3557.01, "bytes": [446688, 38599, 865729]}]}, {"token": "<value>", "logprob": 2137.63, "bytes": [563618, 18154], "top_logprobs": []}, {"token": "<value>", "logprob": 8626.83, "bytes": [149806, 551911], "top_logprobs": [{"token": "<value>", "logprob": 8300.4, "bytes": [876451, 273938]}]}]}}, {"finish_reason": "tool_calls", "index": 94893, "message": {"content": "<value>", "role": "system"}, "logprobs": {"content": [{"token": "<value>", "logprob": 4468.44, "bytes": [834855, 971031, 604705], "top_logprobs": [{"token": "<value>", "logprob": 5640.91, "bytes": [842922, 123592, 678317]}, {"token": "<value>", "logprob": 8903.63, "bytes": [924253, 601859]}]}, {"token": "<value>", "logprob": 1171.55, "bytes": [547051, 389642, 852019], "top_logprobs": [{"token": "<value>", "logprob": 3686.11, "bytes": [465126, 734689]}, {"token": "<value>", "logprob": 3301.44, "bytes": [681977]}]}, {"token": "<value>", "logprob": 7002.27, "bytes": [771751, 402454], "top_logprobs": [{"token": "<value>", "logprob": 4555.56, "bytes": []}, {"token": "<value>", "logprob": 2009.23, "bytes": []}]}]}}], "created": 760838, "model": "gpt-4-turbo", "object": "chat.completion"}}]}
  createSession:
    speakeasy-default-create-session:
      parameters:
        header:
          X-Log10-Organization: "<value>"
      responses:
        "201":
          application/json: {}
  get:
    speakeasy-default-get:
      parameters:
        path:
          feedbackId: "<id>"
        header:
          X-Log10-Organization: "<value>"
      responses:
        "200":
          application/json: {"organization_id": "<id>", "task_id": "<id>", "json_values": {}, "matched_completion_ids": ["<value>", "<value>"], "comment": "The Apollotech B340 is an affordable wireless mouse with reliable connectivity, 12 months battery life and modern design"}
  list:
    speakeasy-default-list:
      parameters:
        header:
          X-Log10-Organization: "<value>"
      responses:
        "200":
          application/json: {}
  upload:
    speakeasy-default-upload:
      parameters:
        header:
          X-Log10-Organization: "<value>"
      requestBody:
        application/json: {"organization_id": "<id>", "task_id": "<id>", "json_values": {}, "matched_completion_ids": ["<value>", "<value>"], "comment": "The Apollotech B340 is an affordable wireless mouse with reliable connectivity, 12 months battery life and modern design", "allow_unmatched_feedback": false, "max_matched_completions": 100, "completion_tags_selector": ["<value>"]}
      responses:
        "200":
          application/json: {"organization_id": "<id>", "task_id": "<id>", "json_values": {}, "matched_completion_ids": ["<value>", "<value>"], "comment": "Ergonomic executive chair upholstered in bonded black leather and PVC padded seat and back for all-day comfort and support"}
  listFeedbackTasks:
    speakeasy-default-list-feedback-tasks:
      responses:
        "200":
          application/json: [{"json_schema": {}, "name": "<value>", "instruction": "<value>", "completion_tags_selector": {}}, {"json_schema": {}, "name": "<value>", "instruction": "<value>", "completion_tags_selector": {}}, {"json_schema": {}, "name": "<value>", "instruction": "<value>", "completion_tags_selector": {}}]
  createFeedbackTask:
    speakeasy-default-create-feedback-task:
      responses:
        "200":
          application/json: {"json_schema": {}, "name": "<value>", "instruction": "<value>", "completion_tags_selector": {}}
  getFeedbackTask:
    speakeasy-default-get-feedback-task:
      parameters:
        path:
          taskId: "<id>"
      responses:
        "200":
          application/json: {"json_schema": {}, "name": "<value>", "instruction": "<value>", "completion_tags_selector": {}}
examplesVersion: 1.0.0
generatedTests: {}
