speakeasyVersion: 1.337.1
sources:
    default:
        sourceNamespace: default
        sourceRevisionDigest: sha256:5da4021f6036b0be1a204b4dcec6332ae1ccc6136ac3b77e44cf6abe673883c3
        sourceBlobDigest: sha256:d1e010919c08f597168ae1e22e619e4158f3c8e600ddebb3f3c2855834d8d590
        tags:
            - latest
            - main
targets:
    my-first-target:
        source: default
        sourceNamespace: default
        sourceRevisionDigest: sha256:5da4021f6036b0be1a204b4dcec6332ae1ccc6136ac3b77e44cf6abe673883c3
        sourceBlobDigest: sha256:d1e010919c08f597168ae1e22e619e4158f3c8e600ddebb3f3c2855834d8d590
        outLocation: /github/workspace/repo
workflow:
    workflowVersion: 1.0.0
    speakeasyVersion: latest
    sources:
        default:
            inputs:
                - location: openapi.yaml
            registry:
                location: registry.speakeasyapi.dev/log10/log10/default
    targets:
        my-first-target:
            target: python
            source: default
            publish:
                pypi:
                    token: $pypi_token
